
Microsoft Visual Studio Solution File, Format Version 12.00
# Visual Studio 15
VisualStudioVersion = 15.0.28010.2046
MinimumVisualStudioVersion = 10.0.40219.1
Project("{FAE04EC0-301F-11D3-BF4B-00C04F79EFBC}") = "EZMonitor", "EZMonitor\EZMonitor.csproj", "{39329A37-5D79-4F28-B339-64060844A742}"
EndProject
Global
	GlobalSection(SolutionConfigurationPlatforms) = preSolution
		Debug|Any CPU = Debug|Any CPU
		Release|Any CPU = Release|Any CPU
	EndGlobalSection
	GlobalSection(ProjectConfigurationPlatforms) = postSolution
		{39329A37-5D79-4F28-B339-64060844A742}.Debug|Any CPU.ActiveCfg = Debug|Any CPU
		{39329A37-5D79-4F28-B339-64060844A742}.Debug|Any CPU.Build.0 = Debug|Any CPU
		{39329A37-5D79-4F28-B339-64060844A742}.Release|Any CPU.ActiveCfg = Release|Any CPU
		{39329A37-5D79-4F28-B339-64060844A742}.Release|Any CPU.Build.0 = Release|Any CPU
	EndGlobalSection
	GlobalSection(SolutionProperties) = preSolution
		HideSolutionNode = FALSE
	EndGlobalSection
	GlobalSection(ExtensibilityGlobals) = postSolution
		SolutionGuid = {020573F0-3056-44B4-A981-3F531C6C6C3A}
	EndGlobalSection
EndGlobal
